
Microsoft Visual Studio Solution File, Format Version 12.00
# Visual Studio 15
VisualStudioVersion = 15.0.26228.12
MinimumVisualStudioVersion = 10.0.40219.1
Project("{FAE04EC0-301F-11D3-BF4B-00C04F79EFBC}") = "FirstGitProjects", "FirstGitProjects\FirstGitProjects.csproj", "{7F530E6E-A80D-4878-8A1E-B7E8A81D1718}"
EndProject
Project("{FAE04EC0-301F-11D3-BF4B-00C04F79EFBC}") = "ThreadCore", "ThreadCore\ThreadCore.csproj", "{F7E3F72E-8337-4252-ABBB-97C84716B501}"
EndProject
Project("{FAE04EC0-301F-11D3-BF4B-00C04F79EFBC}") = "NormalThread", "ConsoleApp1\NormalThread.csproj", "{CE96EF15-BA00-4C5C-BE8A-DF67232AB434}"
EndProject
Project("{FAE04EC0-301F-11D3-BF4B-00C04F79EFBC}") = "ThreadSynchronization", "ThreadSynchronization\ThreadSynchronization.csproj", "{A246A7CA-CF71-46B4-B34F-2B767170BA9E}"
EndProject
Project("{FAE04EC0-301F-11D3-BF4B-00C04F79EFBC}") = "BasicThreadPoolProject", "BasicThreadPoolProject\BasicThreadPoolProject.csproj", "{4FF77A0C-9DBE-447D-97DB-76A51B904958}"
EndProject
Project("{FAE04EC0-301F-11D3-BF4B-00C04F79EFBC}") = "TaskParallelLibraryProject", "TaskParallelLibraryProject\TaskParallelLibraryProject.csproj", "{C668707C-4024-4B07-9052-072A496168D2}"
EndProject
Global
	GlobalSection(SolutionConfigurationPlatforms) = preSolution
		Debug|Any CPU = Debug|Any CPU
		Release|Any CPU = Release|Any CPU
	EndGlobalSection
	GlobalSection(ProjectConfigurationPlatforms) = postSolution
		{7F530E6E-A80D-4878-8A1E-B7E8A81D1718}.Debug|Any CPU.ActiveCfg = Debug|Any CPU
		{7F530E6E-A80D-4878-8A1E-B7E8A81D1718}.Debug|Any CPU.Build.0 = Debug|Any CPU
		{7F530E6E-A80D-4878-8A1E-B7E8A81D1718}.Release|Any CPU.ActiveCfg = Release|Any CPU
		{7F530E6E-A80D-4878-8A1E-B7E8A81D1718}.Release|Any CPU.Build.0 = Release|Any CPU
		{F7E3F72E-8337-4252-ABBB-97C84716B501}.Debug|Any CPU.ActiveCfg = Debug|Any CPU
		{F7E3F72E-8337-4252-ABBB-97C84716B501}.Debug|Any CPU.Build.0 = Debug|Any CPU
		{F7E3F72E-8337-4252-ABBB-97C84716B501}.Release|Any CPU.ActiveCfg = Release|Any CPU
		{F7E3F72E-8337-4252-ABBB-97C84716B501}.Release|Any CPU.Build.0 = Release|Any CPU
		{CE96EF15-BA00-4C5C-BE8A-DF67232AB434}.Debug|Any CPU.ActiveCfg = Debug|Any CPU
		{CE96EF15-BA00-4C5C-BE8A-DF67232AB434}.Debug|Any CPU.Build.0 = Debug|Any CPU
		{CE96EF15-BA00-4C5C-BE8A-DF67232AB434}.Release|Any CPU.ActiveCfg = Release|Any CPU
		{CE96EF15-BA00-4C5C-BE8A-DF67232AB434}.Release|Any CPU.Build.0 = Release|Any CPU
		{A246A7CA-CF71-46B4-B34F-2B767170BA9E}.Debug|Any CPU.ActiveCfg = Debug|Any CPU
		{A246A7CA-CF71-46B4-B34F-2B767170BA9E}.Debug|Any CPU.Build.0 = Debug|Any CPU
		{A246A7CA-CF71-46B4-B34F-2B767170BA9E}.Release|Any CPU.ActiveCfg = Release|Any CPU
		{A246A7CA-CF71-46B4-B34F-2B767170BA9E}.Release|Any CPU.Build.0 = Release|Any CPU
		{4FF77A0C-9DBE-447D-97DB-76A51B904958}.Debug|Any CPU.ActiveCfg = Debug|Any CPU
		{4FF77A0C-9DBE-447D-97DB-76A51B904958}.Debug|Any CPU.Build.0 = Debug|Any CPU
		{4FF77A0C-9DBE-447D-97DB-76A51B904958}.Release|Any CPU.ActiveCfg = Release|Any CPU
		{4FF77A0C-9DBE-447D-97DB-76A51B904958}.Release|Any CPU.Build.0 = Release|Any CPU
		{C668707C-4024-4B07-9052-072A496168D2}.Debug|Any CPU.ActiveCfg = Debug|Any CPU
		{C668707C-4024-4B07-9052-072A496168D2}.Debug|Any CPU.Build.0 = Debug|Any CPU
		{C668707C-4024-4B07-9052-072A496168D2}.Release|Any CPU.ActiveCfg = Release|Any CPU
		{C668707C-4024-4B07-9052-072A496168D2}.Release|Any CPU.Build.0 = Release|Any CPU
	EndGlobalSection
	GlobalSection(SolutionProperties) = preSolution
		HideSolutionNode = FALSE
	EndGlobalSection
EndGlobal
